# THIS IS AN AUTOGENERATED FILE. DO NOT EDIT THIS FILE DIRECTLY.
# yarn lockfile v1


array-index@~0.1.1:
  version "0.1.1"
  resolved "https://registry.yarnpkg.com/array-index/-/array-index-0.1.1.tgz#4d5eaf06cc3d925847cd73d1535c217ba306d3e1"
  dependencies:
    debug "*"

awesome-balancer@^1.0.16:
  version "1.0.16"
  resolved "https://registry.yarnpkg.com/awesome-balancer/-/awesome-balancer-1.0.16.tgz#c86623ac73901ba64099cf9b40f5fe7b3e8937d9"
  dependencies:
    debug "^2.2.0"
    merge "^1.2.0"
    random-js "^1.0.8"
    resource-meter "^1.0.0"

bindings@1:
  version "1.3.0"
  resolved "https://registry.yarnpkg.com/bindings/-/bindings-1.3.0.tgz#b346f6ecf6a95f5a815c5839fc7cdb22502f1ed7"

bindings@~1.2.0:
  version "1.2.1"
  resolved "https://registry.yarnpkg.com/bindings/-/bindings-1.2.1.tgz#14ad6113812d2d37d72e67b4cacb4bb726505f11"

commander@^2.9.0:
  version "2.16.0"
  resolved "https://registry.yarnpkg.com/commander/-/commander-2.16.0.tgz#f16390593996ceb4f3eeb020b31d78528f7f8a50"

debug@*, debug@^3.1.0:
  version "3.1.0"
  resolved "https://registry.yarnpkg.com/debug/-/debug-3.1.0.tgz#5bb5a0672628b64149566ba16819e61518c67261"
  dependencies:
    ms "2.0.0"

debug@2, debug@^2.2.0:
  version "2.6.9"
  resolved "https://registry.yarnpkg.com/debug/-/debug-2.6.9.tgz#5d128515df134ff327e90a4c93f4e077a536341f"
  dependencies:
    ms "2.0.0"

diskusage@^0.1.5:
  version "0.1.5"
  resolved "https://registry.yarnpkg.com/diskusage/-/diskusage-0.1.5.tgz#7644b9dd3acd9837eb1838b635d14ce05b3d9227"
  dependencies:
    ffi "^2.0.0"
    ref "^1.1.1"
    ref-array "~1.1.1"
    ref-struct "~1.0.1"

eventemitter3@^3.0.0:
  version "3.1.0"
  resolved "https://registry.yarnpkg.com/eventemitter3/-/eventemitter3-3.1.0.tgz#090b4d6cdbd645ed10bf750d4b5407942d7ba163"

ffi@^2.0.0:
  version "2.2.0"
  resolved "https://registry.yarnpkg.com/ffi/-/ffi-2.2.0.tgz#bf18b04666a29f71227ed56895d5430af47042fa"
  dependencies:
    bindings "~1.2.0"
    debug "2"
    nan "2"
    ref "1"
    ref-struct "1"

follow-redirects@^1.0.0:
  version "1.5.1"
  resolved "https://registry.yarnpkg.com/follow-redirects/-/follow-redirects-1.5.1.tgz#67a8f14f5a1f67f962c2c46469c79eaec0a90291"
  dependencies:
    debug "^3.1.0"

http-proxy@^1.17.0:
  version "1.17.0"
  resolved "https://registry.yarnpkg.com/http-proxy/-/http-proxy-1.17.0.tgz#7ad38494658f84605e2f6db4436df410f4e5be9a"
  dependencies:
    eventemitter3 "^3.0.0"
    follow-redirects "^1.0.0"
    requires-port "^1.0.0"

merge@^1.2.0:
  version "1.2.0"
  resolved "https://registry.yarnpkg.com/merge/-/merge-1.2.0.tgz#7531e39d4949c281a66b8c5a6e0265e8b05894da"

ms@2.0.0:
  version "2.0.0"
  resolved "https://registry.yarnpkg.com/ms/-/ms-2.0.0.tgz#5608aeadfc00be6c2901df5f9861788de0d597c8"

nan@2:
  version "2.10.0"
  resolved "https://registry.yarnpkg.com/nan/-/nan-2.10.0.tgz#96d0cd610ebd58d4b4de9cc0c6828cda99c7548f"

q@^1.4.1:
  version "1.5.1"
  resolved "https://registry.yarnpkg.com/q/-/q-1.5.1.tgz#7e32f75b41381291d04611f1bf14109ac00651d7"

random-js@^1.0.8:
  version "1.0.8"
  resolved "https://registry.yarnpkg.com/random-js/-/random-js-1.0.8.tgz#968fd689a6f25d6c0aac766283de2f688c9c190a"

ref-array@~1.1.1:
  version "1.1.2"
  resolved "https://registry.yarnpkg.com/ref-array/-/ref-array-1.1.2.tgz#38598e3e84e0dfead3a8ec6b5974b0617ec86a35"
  dependencies:
    array-index "~0.1.1"
    debug "2"
    ref "1"

ref-struct@1:
  version "1.1.0"
  resolved "https://registry.yarnpkg.com/ref-struct/-/ref-struct-1.1.0.tgz#5d5ee65ad41cefc3a5c5feb40587261e479edc13"
  dependencies:
    debug "2"
    ref "1"

ref-struct@~1.0.1:
  version "1.0.2"
  resolved "https://registry.yarnpkg.com/ref-struct/-/ref-struct-1.0.2.tgz#6e37cafa2db5f5f2ddaf5ae8bafced3e246cbc90"
  dependencies:
    debug "2"
    ref "1"

ref@1, ref@^1.1.1:
  version "1.3.5"
  resolved "https://registry.yarnpkg.com/ref/-/ref-1.3.5.tgz#0e33f080cdb94a3d95312b2b3b1fd0f82044ca0f"
  dependencies:
    bindings "1"
    debug "2"
    nan "2"

requires-port@^1.0.0:
  version "1.0.0"
  resolved "https://registry.yarnpkg.com/requires-port/-/requires-port-1.0.0.tgz#925d2601d39ac485e091cf0da5c6e694dc3dcaff"

resource-meter@^1.0.0:
  version "1.0.6"
  resolved "https://registry.yarnpkg.com/resource-meter/-/resource-meter-1.0.6.tgz#c55c01ebecd451aaff6ab9e4f3694a305066b9c0"
  dependencies:
    commander "^2.9.0"
    debug "^2.2.0"
    diskusage "^0.1.5"
    q "^1.4.1"
